
Microsoft Visual Studio Solution File, Format Version 12.00
# Visual Studio Version 17
VisualStudioVersion = 17.3.32825.248
MinimumVisualStudioVersion = 10.0.40219.1
Project("{FAE04EC0-301F-11D3-BF4B-00C04F79EFBC}") = "SecureAES", "SecureAES.csproj", "{47D8C8E6-5132-4EB3-9C6A-5EA98AD63658}"
EndProject
Global
	GlobalSection(SolutionConfigurationPlatforms) = preSolution
		Debug|Any CPU = Debug|Any CPU
		Release|Any CPU = Release|Any CPU
	EndGlobalSection
	GlobalSection(ProjectConfigurationPlatforms) = postSolution
		{47D8C8E6-5132-4EB3-9C6A-5EA98AD63658}.Debug|Any CPU.ActiveCfg = Debug|Any CPU
		{47D8C8E6-5132-4EB3-9C6A-5EA98AD63658}.Debug|Any CPU.Build.0 = Debug|Any CPU
		{47D8C8E6-5132-4EB3-9C6A-5EA98AD63658}.Release|Any CPU.ActiveCfg = Release|Any CPU
		{47D8C8E6-5132-4EB3-9C6A-5EA98AD63658}.Release|Any CPU.Build.0 = Release|Any CPU
	EndGlobalSection
	GlobalSection(SolutionProperties) = preSolution
		HideSolutionNode = FALSE
	EndGlobalSection
	GlobalSection(ExtensibilityGlobals) = postSolution
		SolutionGuid = {61C8E373-B380-4B72-9995-FC9044CB5DF1}
	EndGlobalSection
EndGlobal
